# @generated - this file is auto-generated by `mise lock` https://mise.en.dev/dev-tools/mise-lock.html

[[tools.go]]
version = "1.26.4"
backend = "core:go"

[tools.go."platforms.linux-arm64"]
checksum = "sha256:ef758ae7c6cf9267c9c0ef080b8965f453d89ab2d25d9eb22de4405925238768"
url = "https://dl.google.com/go/go1.26.4.linux-arm64.tar.gz"

[tools.go."platforms.linux-arm64-musl"]
checksum = "sha256:ef758ae7c6cf9267c9c0ef080b8965f453d89ab2d25d9eb22de4405925238768"
url = "https://dl.google.com/go/go1.26.4.linux-arm64.tar.gz"

[tools.go."platforms.linux-x64"]
checksum = "sha256:1153d3d50e0ac764b447adfe05c2bcf08e889d42a02e0fe0259bd47f6733ad7f"
url = "https://dl.google.com/go/go1.26.4.linux-amd64.tar.gz"

[tools.go."platforms.linux-x64-musl"]
checksum = "sha256:1153d3d50e0ac764b447adfe05c2bcf08e889d42a02e0fe0259bd47f6733ad7f"
url = "https://dl.google.com/go/go1.26.4.linux-amd64.tar.gz"

[tools.go."platforms.macos-arm64"]
checksum = "sha256:b62ad2b6d7d2464f12a5bcad7ff47f19d08325773b5efd21610e445a05a9bf53"
url = "https://dl.google.com/go/go1.26.4.darwin-arm64.tar.gz"

[tools.go."platforms.macos-x64"]
checksum = "sha256:05dc9b5f9997744520aaebb3d5deaa7c755371aebbfb7f97c2511a9f3367538d"
url = "https://dl.google.com/go/go1.26.4.darwin-amd64.tar.gz"

[tools.go."platforms.windows-x64"]
checksum = "sha256:3ca8fb4630b07c419cbdd51f754e31363cfcfb83b3a5354d9e895c90be2cc345"
url = "https://dl.google.com/go/go1.26.4.windows-amd64.zip"

[[tools."go:github.com/princjef/gomarkdoc/cmd/gomarkdoc"]]
version = "1.1.0"
backend = "go:github.com/princjef/gomarkdoc/cmd/gomarkdoc"

[[tools."go:golang.org/x/vuln/cmd/govulncheck"]]
version = "1.8.0"
backend = "go:golang.org/x/vuln/cmd/govulncheck"

[[tools.golangci-lint]]
version = "2.14.0"
backend = "aqua:golangci/golangci-lint"

[tools.golangci-lint."platforms.linux-arm64"]
checksum = "sha256:ee7ec5f3453d15ddf106fae5a4d6c71737712348a979d1fe9cd52ec7ea299bae"
url = "https://github.com/golangci/golangci-lint/releases/download/v2.14.0/golangci-lint-2.14.0-linux-arm64.tar.gz"
url_api = "https://api.github.com/repos/golangci/golangci-lint/releases/assets/585813674"
provenance = "github-attestations"

[tools.golangci-lint."platforms.linux-arm64-musl"]
checksum = "sha256:ee7ec5f3453d15ddf106fae5a4d6c71737712348a979d1fe9cd52ec7ea299bae"
url = "https://github.com/golangci/golangci-lint/releases/download/v2.14.0/golangci-lint-2.14.0-linux-arm64.tar.gz"
url_api = "https://api.github.com/repos/golangci/golangci-lint/releases/assets/585813674"
provenance = "github-attestations"

[tools.golangci-lint."platforms.linux-x64"]
checksum = "sha256:ab90aeb7b066f92a33415b638a50fe5344bbb75a0d32ad30cc248d88f81032ab"
url = "https://github.com/golangci/golangci-lint/releases/download/v2.14.0/golangci-lint-2.14.0-linux-amd64.tar.gz"
url_api = "https://api.github.com/repos/golangci/golangci-lint/releases/assets/585813815"
provenance = "github-attestations"

[tools.golangci-lint."platforms.linux-x64-musl"]
checksum = "sha256:ab90aeb7b066f92a33415b638a50fe5344bbb75a0d32ad30cc248d88f81032ab"
url = "https://github.com/golangci/golangci-lint/releases/download/v2.14.0/golangci-lint-2.14.0-linux-amd64.tar.gz"
url_api = "https://api.github.com/repos/golangci/golangci-lint/releases/assets/585813815"
provenance = "github-attestations"

[tools.golangci-lint."platforms.macos-arm64"]
checksum = "sha256:5ef5f36a7147e91dc58ef9ef4d11bb7bad5ead0c76eb6c01327a73c641d1dcc3"
url = "https://github.com/golangci/golangci-lint/releases/download/v2.14.0/golangci-lint-2.14.0-darwin-arm64.tar.gz"
url_api = "https://api.github.com/repos/golangci/golangci-lint/releases/assets/585813591"
provenance = "github-attestations"

[tools.golangci-lint."platforms.macos-x64"]
checksum = "sha256:a5667c1c3536be1740133213e1e822bfb8f0d98ea12903174d6d5f635e4ed68d"
url = "https://github.com/golangci/golangci-lint/releases/download/v2.14.0/golangci-lint-2.14.0-darwin-amd64.tar.gz"
url_api = "https://api.github.com/repos/golangci/golangci-lint/releases/assets/585813755"
provenance = "github-attestations"

[tools.golangci-lint."platforms.windows-x64"]
checksum = "sha256:b15f903d1649283a2ab6e8d2f0c317eaf1f9f6b3763950e7e8b7e72a43dd724f"
url = "https://github.com/golangci/golangci-lint/releases/download/v2.14.0/golangci-lint-2.14.0-windows-amd64.zip"
url_api = "https://api.github.com/repos/golangci/golangci-lint/releases/assets/585813793"
provenance = "github-attestations"

[[tools.jq]]
version = "1.8.2"
backend = "aqua:jqlang/jq"

[tools.jq."platforms.linux-arm64"]
checksum = "sha256:8b85c817833814ddca00a144c33705546355afccf0cf39b188f3cdb48b852309"
url = "https://github.com/jqlang/jq/releases/download/jq-1.8.2/jq-linux-arm64"
url_api = "https://api.github.com/repos/jqlang/jq/releases/assets/453012756"
provenance = "github-attestations"

[tools.jq."platforms.linux-arm64-musl"]
checksum = "sha256:8b85c817833814ddca00a144c33705546355afccf0cf39b188f3cdb48b852309"
url = "https://github.com/jqlang/jq/releases/download/jq-1.8.2/jq-linux-arm64"
url_api = "https://api.github.com/repos/jqlang/jq/releases/assets/453012756"
provenance = "github-attestations"

[tools.jq."platforms.linux-x64"]
checksum = "sha256:b1c22172dd303f3be49e935aa56aa48a8b7a46e0bc838b4997d3bb451495870f"
url = "https://github.com/jqlang/jq/releases/download/jq-1.8.2/jq-linux-amd64"
url_api = "https://api.github.com/repos/jqlang/jq/releases/assets/453012752"
provenance = "github-attestations"

[tools.jq."platforms.linux-x64-musl"]
checksum = "sha256:b1c22172dd303f3be49e935aa56aa48a8b7a46e0bc838b4997d3bb451495870f"
url = "https://github.com/jqlang/jq/releases/download/jq-1.8.2/jq-linux-amd64"
url_api = "https://api.github.com/repos/jqlang/jq/releases/assets/453012752"
provenance = "github-attestations"

[tools.jq."platforms.macos-arm64"]
checksum = "sha256:2d75340ba57a4b4b4c8708a21c2dc8e958a48aaa8bba13b27f77f6e4c0eca07e"
url = "https://github.com/jqlang/jq/releases/download/jq-1.8.2/jq-macos-arm64"
url_api = "https://api.github.com/repos/jqlang/jq/releases/assets/453012783"
provenance = "github-attestations"

[tools.jq."platforms.macos-x64"]
checksum = "sha256:e94b266e3c26690550006abe63152b782280f4e14374accdf04cbde844f00bc0"
url = "https://github.com/jqlang/jq/releases/download/jq-1.8.2/jq-macos-amd64"
url_api = "https://api.github.com/repos/jqlang/jq/releases/assets/453012782"
provenance = "github-attestations"

[tools.jq."platforms.windows-x64"]
checksum = "sha256:a6fc67fedaf9128a3309a1e2ebb8b986aeccf70122ee46d2cb4849e423f0c627"
url = "https://github.com/jqlang/jq/releases/download/jq-1.8.2/jq-windows-amd64.exe"
url_api = "https://api.github.com/repos/jqlang/jq/releases/assets/453012788"
provenance = "github-attestations"

[[tools.lefthook]]
version = "2.1.15"
backend = "aqua:evilmartians/lefthook"

[tools.lefthook."platforms.linux-arm64"]
checksum = "sha256:883bd1d697eb926b4f4c4fb08ff000fda0306432368199923e415f8e9a4c22d4"
url = "https://github.com/evilmartians/lefthook/releases/download/v2.1.15/lefthook_2.1.15_Linux_aarch64.gz"
url_api = "https://api.github.com/repos/evilmartians/lefthook/releases/assets/598600348"
provenance = "github-attestations"

[tools.lefthook."platforms.linux-arm64-musl"]
checksum = "sha256:883bd1d697eb926b4f4c4fb08ff000fda0306432368199923e415f8e9a4c22d4"
url = "https://github.com/evilmartians/lefthook/releases/download/v2.1.15/lefthook_2.1.15_Linux_aarch64.gz"
url_api = "https://api.github.com/repos/evilmartians/lefthook/releases/assets/598600348"
provenance = "github-attestations"

[tools.lefthook."platforms.linux-x64"]
checksum = "sha256:b3ed1e83389d0a98b5f243a8a1afcb0fdfad527834f87170f2a2ff9ddfe0f836"
url = "https://github.com/evilmartians/lefthook/releases/download/v2.1.15/lefthook_2.1.15_Linux_x86_64.gz"
url_api = "https://api.github.com/repos/evilmartians/lefthook/releases/assets/598600261"
provenance = "github-attestations"

[tools.lefthook."platforms.linux-x64-musl"]
checksum = "sha256:b3ed1e83389d0a98b5f243a8a1afcb0fdfad527834f87170f2a2ff9ddfe0f836"
url = "https://github.com/evilmartians/lefthook/releases/download/v2.1.15/lefthook_2.1.15_Linux_x86_64.gz"
url_api = "https://api.github.com/repos/evilmartians/lefthook/releases/assets/598600261"
provenance = "github-attestations"

[tools.lefthook."platforms.macos-arm64"]
checksum = "sha256:8b40280a2bae6a21a546e42c1f02cb190cfe9888ff541eb500a0b05bd38db17f"
url = "https://github.com/evilmartians/lefthook/releases/download/v2.1.15/lefthook_2.1.15_MacOS_arm64.gz"
url_api = "https://api.github.com/repos/evilmartians/lefthook/releases/assets/598600263"
provenance = "github-attestations"

[tools.lefthook."platforms.macos-x64"]
checksum = "sha256:61e85903bd9b7ba51b2980ecd2229e61d6c4c2f8961d1ad64a6e0445b1ab0dc6"
url = "https://github.com/evilmartians/lefthook/releases/download/v2.1.15/lefthook_2.1.15_MacOS_x86_64.gz"
url_api = "https://api.github.com/repos/evilmartians/lefthook/releases/assets/598600306"
provenance = "github-attestations"

[tools.lefthook."platforms.windows-x64"]
checksum = "sha256:1c38250090d3755305809dfc568bc4aa4d83c25e9c203b603fb1bd93da847b50"
url = "https://github.com/evilmartians/lefthook/releases/download/v2.1.15/lefthook_2.1.15_Windows_x86_64.gz"
url_api = "https://api.github.com/repos/evilmartians/lefthook/releases/assets/598600347"
provenance = "github-attestations"

[[tools.lychee]]
version = "0.24.2"
backend = "aqua:lycheeverse/lychee"

[tools.lychee."platforms.linux-arm64"]
checksum = "sha256:91a7bd65685da41b90ccb9bc867a3d649a7818042dae04ff405e55a25bddee4c"
url = "https://github.com/lycheeverse/lychee/releases/download/lychee-v0.24.2/lychee-aarch64-unknown-linux-gnu.tar.gz"
url_api = "https://api.github.com/repos/lycheeverse/lychee/releases/assets/409959442"

[tools.lychee."platforms.linux-arm64-musl"]
checksum = "sha256:5d0b0e3aeab240f41920c633a6eaf97599be6eedda034b36e858ede7dba5e535"
url = "https://github.com/lycheeverse/lychee/releases/download/lychee-v0.24.2/lychee-aarch64-unknown-linux-musl.tar.gz"
url_api = "https://api.github.com/repos/lycheeverse/lychee/releases/assets/409958602"

[tools.lychee."platforms.linux-x64"]
checksum = "sha256:1f4e0ef7f6554a6ed33dd7ac144fb2e1bbed98598e7af973042fc5cd43951c9a"
url = "https://github.com/lycheeverse/lychee/releases/download/lychee-v0.24.2/lychee-x86_64-unknown-linux-gnu.tar.gz"
url_api = "https://api.github.com/repos/lycheeverse/lychee/releases/assets/409959156"

[tools.lychee."platforms.linux-x64-musl"]
checksum = "sha256:73657a111819a30c47c08352896796f23d64e4eb2b3ed39b6d32149241566fc5"
url = "https://github.com/lycheeverse/lychee/releases/download/lychee-v0.24.2/lychee-x86_64-unknown-linux-musl.tar.gz"
url_api = "https://api.github.com/repos/lycheeverse/lychee/releases/assets/409959271"

[tools.lychee."platforms.macos-arm64"]
checksum = "sha256:c9d3740ea2d891854d37116c9fba840f37b6e7c89d330e7db84ac333631c4977"
url = "https://github.com/lycheeverse/lychee/releases/download/lychee-v0.24.2/lychee-aarch64-apple-darwin.tar.gz"
url_api = "https://api.github.com/repos/lycheeverse/lychee/releases/assets/409957951"

[tools.lychee."platforms.macos-x64"]
checksum = "sha256:887503a9cff667d322b8d0892b40bf49976eb9507af8483220a3706cdad55978"
url = "https://github.com/lycheeverse/lychee/releases/download/lychee-v0.24.2/lychee-x86_64-apple-darwin.tar.gz"
url_api = "https://api.github.com/repos/lycheeverse/lychee/releases/assets/409957687"

[tools.lychee."platforms.windows-x64"]
checksum = "sha256:32975d1493ee1a975d6bb41e4fb56fe419cb442ded628bb772ba2e614acfacad"
url = "https://github.com/lycheeverse/lychee/releases/download/lychee-v0.24.2/lychee-x86_64-pc-windows-msvc.zip"
url_api = "https://api.github.com/repos/lycheeverse/lychee/releases/assets/409959491"

[[tools."pipx:detect-secrets"]]
version = "1.5.0"
backend = "pipx:detect-secrets"

[[tools.prettier]]
version = "3.9.9"
backend = "npm:prettier"

[[tools.typos]]
version = "1.50.3"
backend = "aqua:crate-ci/typos"

[tools.typos."platforms.linux-arm64"]
checksum = "sha256:456f9fe7aa6e7c1597879f5e951d7de2fab261a9ca05f16f324f896c806c55db"
url = "https://github.com/crate-ci/typos/releases/download/v1.50.3/typos-v1.50.3-aarch64-unknown-linux-musl.tar.gz"
url_api = "https://api.github.com/repos/crate-ci/typos/releases/assets/588999780"

[tools.typos."platforms.linux-arm64-musl"]
checksum = "sha256:456f9fe7aa6e7c1597879f5e951d7de2fab261a9ca05f16f324f896c806c55db"
url = "https://github.com/crate-ci/typos/releases/download/v1.50.3/typos-v1.50.3-aarch64-unknown-linux-musl.tar.gz"
url_api = "https://api.github.com/repos/crate-ci/typos/releases/assets/588999780"

[tools.typos."platforms.linux-x64"]
checksum = "sha256:aca6b5d546307092b8d0a8e0a89dd80f9da51f2f7617c5e45c5607c1684ffbf2"
url = "https://github.com/crate-ci/typos/releases/download/v1.50.3/typos-v1.50.3-x86_64-unknown-linux-musl.tar.gz"
url_api = "https://api.github.com/repos/crate-ci/typos/releases/assets/589000924"

[tools.typos."platforms.linux-x64-musl"]
checksum = "sha256:aca6b5d546307092b8d0a8e0a89dd80f9da51f2f7617c5e45c5607c1684ffbf2"
url = "https://github.com/crate-ci/typos/releases/download/v1.50.3/typos-v1.50.3-x86_64-unknown-linux-musl.tar.gz"
url_api = "https://api.github.com/repos/crate-ci/typos/releases/assets/589000924"

[tools.typos."platforms.macos-arm64"]
checksum = "sha256:844d4121fb47a95604aa5566843bb9e3d6078040b3c8f22367709f563038f2c5"
url = "https://github.com/crate-ci/typos/releases/download/v1.50.3/typos-v1.50.3-aarch64-apple-darwin.tar.gz"
url_api = "https://api.github.com/repos/crate-ci/typos/releases/assets/589002568"

[tools.typos."platforms.macos-x64"]
checksum = "sha256:7cc75e42fff1e3b66928de325b3ea1ec7e23ce35ffaa3561fdb0ede8e7275f6f"
url = "https://github.com/crate-ci/typos/releases/download/v1.50.3/typos-v1.50.3-x86_64-apple-darwin.tar.gz"
url_api = "https://api.github.com/repos/crate-ci/typos/releases/assets/589006772"

[tools.typos."platforms.windows-x64"]
checksum = "sha256:b59f149d84e86aab535d52db029fa8d3ac5ecba9ae5c7f19cf07acb5aa0caaaf"
url = "https://github.com/crate-ci/typos/releases/download/v1.50.3/typos-v1.50.3-x86_64-pc-windows-msvc.zip"
url_api = "https://api.github.com/repos/crate-ci/typos/releases/assets/589001623"
